
Microsoft Visual Studio Solution File, Format Version 12.00
# Visual Studio Version 17
VisualStudioVersion = 17.11.35431.28
MinimumVisualStudioVersion = 10.0.40219.1
Project("{FAE04EC0-301F-11D3-BF4B-00C04F79EFBC}") = "SistemaComentario", "SistemaComentario.csproj", "{4E1FDF78-F816-4232-8A2C-68C69B5DAF0D}"
EndProject
Global
	GlobalSection(SolutionConfigurationPlatforms) = preSolution
		Debug|Any CPU = Debug|Any CPU
		Release|Any CPU = Release|Any CPU
	EndGlobalSection
	GlobalSection(ProjectConfigurationPlatforms) = postSolution
		{4E1FDF78-F816-4232-8A2C-68C69B5DAF0D}.Debug|Any CPU.ActiveCfg = Debug|Any CPU
		{4E1FDF78-F816-4232-8A2C-68C69B5DAF0D}.Debug|Any CPU.Build.0 = Debug|Any CPU
		{4E1FDF78-F816-4232-8A2C-68C69B5DAF0D}.Release|Any CPU.ActiveCfg = Release|Any CPU
		{4E1FDF78-F816-4232-8A2C-68C69B5DAF0D}.Release|Any CPU.Build.0 = Release|Any CPU
	EndGlobalSection
	GlobalSection(SolutionProperties) = preSolution
		HideSolutionNode = FALSE
	EndGlobalSection
	GlobalSection(ExtensibilityGlobals) = postSolution
		SolutionGuid = {158F345F-4DB6-4436-8933-43D6366A1F29}
	EndGlobalSection
EndGlobal
